
Microsoft Visual Studio Solution File, Format Version 12.00
# Visual Studio Version 17
VisualStudioVersion = 17.10.34928.147
MinimumVisualStudioVersion = 10.0.40219.1
Project("{FAE04EC0-301F-11D3-BF4B-00C04F79EFBC}") = "Tovar", "Tovar\Tovar.csproj", "{F0305210-DED4-44E5-86E1-0F8758387151}"
EndProject
Global
	GlobalSection(SolutionConfigurationPlatforms) = preSolution
		Debug|Any CPU = Debug|Any CPU
		Release|Any CPU = Release|Any CPU
	EndGlobalSection
	GlobalSection(ProjectConfigurationPlatforms) = postSolution
		{F0305210-DED4-44E5-86E1-0F8758387151}.Debug|Any CPU.ActiveCfg = Debug|Any CPU
		{F0305210-DED4-44E5-86E1-0F8758387151}.Debug|Any CPU.Build.0 = Debug|Any CPU
		{F0305210-DED4-44E5-86E1-0F8758387151}.Release|Any CPU.ActiveCfg = Release|Any CPU
		{F0305210-DED4-44E5-86E1-0F8758387151}.Release|Any CPU.Build.0 = Release|Any CPU
	EndGlobalSection
	GlobalSection(SolutionProperties) = preSolution
		HideSolutionNode = FALSE
	EndGlobalSection
	GlobalSection(ExtensibilityGlobals) = postSolution
		SolutionGuid = {7F6D2D8D-3646-47AE-9949-23D6592881BF}
	EndGlobalSection
EndGlobal
